
Microsoft Visual Studio Solution File, Format Version 12.00
# Visual Studio 2012
Project("{FAE04EC0-301F-11D3-BF4B-00C04F79EFBC}") = "WinFormsComponentsExample", "WinFormsComponentsExample\WinFormsComponentsExample.csproj", "{EFD160AE-E2E8-4C81-B723-09650DF7C87A}"
EndProject
Project("{FAE04EC0-301F-11D3-BF4B-00C04F79EFBC}") = "ChartPicture", "ChartPicture\ChartPicture.csproj", "{030CC8AA-AB59-4D03-ABC6-A8A747D4BB4D}"
EndProject
Global
	GlobalSection(SolutionConfigurationPlatforms) = preSolution
		Debug|Any CPU = Debug|Any CPU
		Release|Any CPU = Release|Any CPU
	EndGlobalSection
	GlobalSection(ProjectConfigurationPlatforms) = postSolution
		{EFD160AE-E2E8-4C81-B723-09650DF7C87A}.Debug|Any CPU.ActiveCfg = Debug|Any CPU
		{EFD160AE-E2E8-4C81-B723-09650DF7C87A}.Debug|Any CPU.Build.0 = Debug|Any CPU
		{EFD160AE-E2E8-4C81-B723-09650DF7C87A}.Release|Any CPU.ActiveCfg = Release|Any CPU
		{EFD160AE-E2E8-4C81-B723-09650DF7C87A}.Release|Any CPU.Build.0 = Release|Any CPU
		{030CC8AA-AB59-4D03-ABC6-A8A747D4BB4D}.Debug|Any CPU.ActiveCfg = Debug|Any CPU
		{030CC8AA-AB59-4D03-ABC6-A8A747D4BB4D}.Debug|Any CPU.Build.0 = Debug|Any CPU
		{030CC8AA-AB59-4D03-ABC6-A8A747D4BB4D}.Release|Any CPU.ActiveCfg = Release|Any CPU
		{030CC8AA-AB59-4D03-ABC6-A8A747D4BB4D}.Release|Any CPU.Build.0 = Release|Any CPU
	EndGlobalSection
	GlobalSection(SolutionProperties) = preSolution
		HideSolutionNode = FALSE
	EndGlobalSection
EndGlobal
